# @generated by Move, please check-in and do not edit manually.

[move]
version = 3
manifest_digest = "60F1CCF1B85DEB62F668D8AE435F91E93697284B1EF07743D8C8FB1BB08913D3"
deps_digest = "F8BBB0CCB2491CA29A3DF03D6F92277A4F3574266507ACD77214D37ECA3F3082"
dependencies = [
  { id = "Sui", name = "Sui" },
]

[[move.package]]
id = "MoveStdlib"
source = { git = "https://github.com/MystenLabs/sui.git", rev = "framework/mainnet", subdir = "crates/sui-framework/packages/move-stdlib" }

[[move.package]]
id = "Sui"
source = { git = "https://github.com/MystenLabs/sui.git", rev = "framework/mainnet", subdir = "crates/sui-framework/packages/sui-framework" }

dependencies = [
  { id = "MoveStdlib", name = "MoveStdlib" },
]

[move.toolchain-version]
compiler-version = "1.41.1"
edition = "2024.beta"
flavor = "sui"

[env]

[env.testnet]
chain-id = "4c78adac"
original-published-id = "0xb10ae8e03d941e535aa3f53a0ec256bf760afb6eb53cbbbf9b2e0a1a2e5cd4f6"
latest-published-id = "0xb10ae8e03d941e535aa3f53a0ec256bf760afb6eb53cbbbf9b2e0a1a2e5cd4f6"
published-version = "1"

[env.main]
chain-id = "35834a8a"
original-published-id = "0x9495e94bf56bfa06d349a69c17e49c1b53651b4f986c8db90d99ed67cc0a844f"
latest-published-id = "0x9495e94bf56bfa06d349a69c17e49c1b53651b4f986c8db90d99ed67cc0a844f"
published-version = "1"
